// !$*UTF8*$!
{
	archiveVersion = 1;
	classes = {
	};
	objectVersion = 56;
	objects = {

/* Begin PBXBuildFile section */
		F1F9DCF72A3A891E00373330 /* TO_DOApp.swift in Sources */ = {isa = PBXBuildFile; fileRef = F1F9DCF62A3A891E00373330 /* TO_DOApp.swift */; };
		F1F9DCF92A3A891E00373330 /* ContentView.swift in Sources */ = {isa = PBXBuildFile; fileRef = F1F9DCF82A3A891E00373330 /* ContentView.swift */; };
		F1F9DCFB2A3A892000373330 /* Assets.xcassets in Resources */ = {isa = PBXBuildFile; fileRef = F1F9DCFA2A3A892000373330 /* Assets.xcassets */; };
		F1F9DCFF2A3A892000373330 /* Preview Assets.xcassets in Resources */ = {isa = PBXBuildFile; fileRef = F1F9DCFE2A3A892000373330 /* Preview Assets.xcassets */; };
		F1F9DD092A3A892000373330 /* TO_DOTests.swift in Sources */ = {isa = PBXBuildFile; fileRef = F1F9DD082A3A892000373330 /* TO_DOTests.swift */; };
		F1F9DD132A3A892000373330 /* TO_DOUITests.swift in Sources */ = {isa = PBXBuildFile; fileRef = F1F9DD122A3A892000373330 /* TO_DOUITests.swift */; };
		F1F9DD152A3A892000373330 /* TO_DOUITestsLaunchTests.swift in Sources */ = {isa = PBXBuildFile; fileRef = F1F9DD142A3A892000373330 /* TO_DOUITestsLaunchTests.swift */; };
		F1F9DD222A3A896100373330 /* NewToDoView.swift in Sources */ = {isa = PBXBuildFile; fileRef = F1F9DD212A3A896000373330 /* NewToDoView.swift */; };
		F1F9DD252A3A8CB500373330 /* DataModel.xcdatamodeld in Sources */ = {isa = PBXBuildFile; fileRef = F1F9DD232A3A8CB500373330 /* DataModel.xcdatamodeld */; };
/* End PBXBuildFile section */

/* Begin PBXContainerItemProxy section */
		F1F9DD052A3A892000373330 /* PBXContainerItemProxy */ = {
			isa = PBXContainerItemProxy;
			containerPortal = F1F9DCEB2A3A891E00373330 /* Project object */;
			proxyType = 1;
			remoteGlobalIDString = F1F9DCF22A3A891E00373330;
			remoteInfo = "TO DO";
		};
		F1F9DD0F2A3A892000373330 /* PBXContainerItemProxy */ = {
			isa = PBXContainerItemProxy;
			containerPortal = F1F9DCEB2A3A891E00373330 /* Project object */;
			proxyType = 1;
			remoteGlobalIDString = F1F9DCF22A3A891E00373330;
			remoteInfo = "TO DO";
		};
/* End PBXContainerItemProxy section */

/* Begin PBXFileReference section */
		F1F9DCF32A3A891E00373330 /* TO DO.app */ = {isa = PBXFileReference; explicitFileType = wrapper.application; includeInIndex = 0; path = "TO DO.app"; sourceTree = BUILT_PRODUCTS_DIR; };
		F1F9DCF62A3A891E00373330 /* TO_DOApp.swift */ = {isa = PBXFileReference; lastKnownFileType = sourcecode.swift; path = TO_DOApp.swift; sourceTree = "<group>"; };
		F1F9DCF82A3A891E00373330 /* ContentView.swift */ = {isa = PBXFileReference; lastKnownFileType = sourcecode.swift; path = ContentView.swift; sourceTree = "<group>"; };
		F1F9DCFA2A3A892000373330 /* Assets.xcassets */ = {isa = PBXFileReference; lastKnownFileType = folder.assetcatalog; path = Assets.xcassets; sourceTree = "<group>"; };
		F1F9DCFC2A3A892000373330 /* TO_DO.entitlements */ = {isa = PBXFileReference; lastKnownFileType = text.plist.entitlements; path = TO_DO.entitlements; sourceTree = "<group>"; };
		F1F9DCFE2A3A892000373330 /* Preview Assets.xcassets */ = {isa = PBXFileReference; lastKnownFileType = folder.assetcatalog; path = "Preview Assets.xcassets"; sourceTree = "<group>"; };
		F1F9DD042A3A892000373330 /* TO DOTests.xctest */ = {isa = PBXFileReference; explicitFileType = wrapper.cfbundle; includeInIndex = 0; path = "TO DOTests.xctest"; sourceTree = BUILT_PRODUCTS_DIR; };
		F1F9DD082A3A892000373330 /* TO_DOTests.swift */ = {isa = PBXFileReference; lastKnownFileType = sourcecode.swift; path = TO_DOTests.swift; sourceTree = "<group>"; };
		F1F9DD0E2A3A892000373330 /* TO DOUITests.xctest */ = {isa = PBXFileReference; explicitFileType = wrapper.cfbundle; includeInIndex = 0; path = "TO DOUITests.xctest"; sourceTree = BUILT_PRODUCTS_DIR; };
		F1F9DD122A3A892000373330 /* TO_DOUITests.swift */ = {isa = PBXFileReference; lastKnownFileType = sourcecode.swift; path = TO_DOUITests.swift; sourceTree = "<group>"; };
		F1F9DD142A3A892000373330 /* TO_DOUITestsLaunchTests.swift */ = {isa = PBXFileReference; lastKnownFileType = sourcecode.swift; path = TO_DOUITestsLaunchTests.swift; sourceTree = "<group>"; };
		F1F9DD212A3A896000373330 /* NewToDoView.swift */ = {isa = PBXFileReference; lastKnownFileType = sourcecode.swift; path = NewToDoView.swift; sourceTree = "<group>"; };
		F1F9DD242A3A8CB500373330 /* DataModel.xcdatamodel */ = {isa = PBXFileReference; lastKnownFileType = wrapper.xcdatamodel; path = DataModel.xcdatamodel; sourceTree = "<group>"; };
/* End PBXFileReference section */

/* Begin PBXFrameworksBuildPhase section */
		F1F9DCF02A3A891E00373330 /* Frameworks */ = {
			isa = PBXFrameworksBuildPhase;
			buildActionMask = 2147483647;
			files = (
			);
			runOnlyForDeploymentPostprocessing = 0;
		};
		F1F9DD012A3A892000373330 /* Frameworks */ = {
			isa = PBXFrameworksBuildPhase;
			buildActionMask = 2147483647;
			files = (
			);
			runOnlyForDeploymentPostprocessing = 0;
		};
		F1F9DD0B2A3A892000373330 /* Frameworks */ = {
			isa = PBXFrameworksBuildPhase;
			buildActionMask = 2147483647;
			files = (
			);
			runOnlyForDeploymentPostprocessing = 0;
		};
/* End PBXFrameworksBuildPhase section */

/* Begin PBXGroup section */
		F1F9DCEA2A3A891E00373330 = {
			isa = PBXGroup;
			children = (
				F1F9DCF52A3A891E00373330 /* TO DO */,
				F1F9DD072A3A892000373330 /* TO DOTests */,
				F1F9DD112A3A892000373330 /* TO DOUITests */,
				F1F9DCF42A3A891E00373330 /* Products */,
			);
			sourceTree = "<group>";
		};
		F1F9DCF42A3A891E00373330 /* Products */ = {
			isa = PBXGroup;
			children = (
				F1F9DCF32A3A891E00373330 /* TO DO.app */,
				F1F9DD042A3A892000373330 /* TO DOTests.xctest */,
				F1F9DD0E2A3A892000373330 /* TO DOUITests.xctest */,
			);
			name = Products;
			sourceTree = "<group>";
		};
		F1F9DCF52A3A891E00373330 /* TO DO */ = {
			isa = PBXGroup;
			children = (
				F1F9DCF62A3A891E00373330 /* TO_DOApp.swift */,
				F1F9DCF82A3A891E00373330 /* ContentView.swift */,
				F1F9DCFA2A3A892000373330 /* Assets.xcassets */,
				F1F9DCFC2A3A892000373330 /* TO_DO.entitlements */,
				F1F9DCFD2A3A892000373330 /* Preview Content */,
				F1F9DD212A3A896000373330 /* NewToDoView.swift */,
			);
			path = "TO DO";
			sourceTree = "<group>";
		};
		F1F9DCFD2A3A892000373330 /* Preview Content */ = {
			isa = PBXGroup;
			children = (
				F1F9DCFE2A3A892000373330 /* Preview Assets.xcassets */,
				F1F9DD232A3A8CB500373330 /* DataModel.xcdatamodeld */,
			);
			path = "Preview Content";
			sourceTree = "<group>";
		};
		F1F9DD072A3A892000373330 /* TO DOTests */ = {
			isa = PBXGroup;
			children = (
				F1F9DD082A3A892000373330 /* TO_DOTests.swift */,
			);
			path = "TO DOTests";
			sourceTree = "<group>";
		};
		F1F9DD112A3A892000373330 /* TO DOUITests */ = {
			isa = PBXGroup;
			children = (
				F1F9DD122A3A892000373330 /* TO_DOUITests.swift */,
				F1F9DD142A3A892000373330 /* TO_DOUITestsLaunchTests.swift */,
			);
			path = "TO DOUITests";
			sourceTree = "<group>";
		};
/* End PBXGroup section */

/* Begin PBXNativeTarget section */
		F1F9DCF22A3A891E00373330 /* TO DO */ = {
			isa = PBXNativeTarget;
			buildConfigurationList = F1F9DD182A3A892000373330 /* Build configuration list for PBXNativeTarget "TO DO" */;
			buildPhases = (
				F1F9DCEF2A3A891E00373330 /* Sources */,
				F1F9DCF02A3A891E00373330 /* Frameworks */,
				F1F9DCF12A3A891E00373330 /* Resources */,
			);
			buildRules = (
			);
			dependencies = (
			);
			name = "TO DO";
			productName = "TO DO";
			productReference = F1F9DCF32A3A891E00373330 /* TO DO.app */;
			productType = "com.apple.product-type.application";
		};
		F1F9DD032A3A892000373330 /* TO DOTests */ = {
			isa = PBXNativeTarget;
			buildConfigurationList = F1F9DD1B2A3A892000373330 /* Build configuration list for PBXNativeTarget "TO DOTests" */;
			buildPhases = (
				F1F9DD002A3A892000373330 /* Sources */,
				F1F9DD012A3A892000373330 /* Frameworks */,
				F1F9DD022A3A892000373330 /* Resources */,
			);
			buildRules = (
			);
			dependencies = (
				F1F9DD062A3A892000373330 /* PBXTargetDependency */,
			);
			name = "TO DOTests";
			productName = "TO DOTests";
			productReference = F1F9DD042A3A892000373330 /* TO DOTests.xctest */;
			productType = "com.apple.product-type.bundle.unit-test";
		};
		F1F9DD0D2A3A892000373330 /* TO DOUITests */ = {
			isa = PBXNativeTarget;
			buildConfigurationList = F1F9DD1E2A3A892000373330 /* Build configuration list for PBXNativeTarget "TO DOUITests" */;
			buildPhases = (
				F1F9DD0A2A3A892000373330 /* Sources */,
				F1F9DD0B2A3A892000373330 /* Frameworks */,
				F1F9DD0C2A3A892000373330 /* Resources */,
			);
			buildRules = (
			);
			dependencies = (
				F1F9DD102A3A892000373330 /* PBXTargetDependency */,
			);
			name = "TO DOUITests";
			productName = "TO DOUITests";
			productReference = F1F9DD0E2A3A892000373330 /* TO DOUITests.xctest */;
			productType = "com.apple.product-type.bundle.ui-testing";
		};
/* End PBXNativeTarget section */

/* Begin PBXProject section */
		F1F9DCEB2A3A891E00373330 /* Project object */ = {
			isa = PBXProject;
			attributes = {
				BuildIndependentTargetsInParallel = 1;
				LastSwiftUpdateCheck = 1430;
				LastUpgradeCheck = 1430;
				TargetAttributes = {
					F1F9DCF22A3A891E00373330 = {
						CreatedOnToolsVersion = 14.3;
					};
					F1F9DD032A3A892000373330 = {
						CreatedOnToolsVersion = 14.3;
						TestTargetID = F1F9DCF22A3A891E00373330;
					};
					F1F9DD0D2A3A892000373330 = {
						CreatedOnToolsVersion = 14.3;
						TestTargetID = F1F9DCF22A3A891E00373330;
					};
				};
			};
			buildConfigurationList = F1F9DCEE2A3A891E00373330 /* Build configuration list for PBXProject "TO DO" */;
			compatibilityVersion = "Xcode 14.0";
			developmentRegion = en;
			hasScannedForEncodings = 0;
			knownRegions = (
				en,
				Base,
			);
			mainGroup = F1F9DCEA2A3A891E00373330;
			productRefGroup = F1F9DCF42A3A891E00373330 /* Products */;
			projectDirPath = "";
			projectRoot = "";
			targets = (
				F1F9DCF22A3A891E00373330 /* TO DO */,
				F1F9DD032A3A892000373330 /* TO DOTests */,
				F1F9DD0D2A3A892000373330 /* TO DOUITests */,
			);
		};
/* End PBXProject section */

/* Begin PBXResourcesBuildPhase section */
		F1F9DCF12A3A891E00373330 /* Resources */ = {
			isa = PBXResourcesBuildPhase;
			buildActionMask = 2147483647;
			files = (
				F1F9DCFF2A3A892000373330 /* Preview Assets.xcassets in Resources */,
				F1F9DCFB2A3A892000373330 /* Assets.xcassets in Resources */,
			);
			runOnlyForDeploymentPostprocessing = 0;
		};
		F1F9DD022A3A892000373330 /* Resources */ = {
			isa = PBXResourcesBuildPhase;
			buildActionMask = 2147483647;
			files = (
			);
			runOnlyForDeploymentPostprocessing = 0;
		};
		F1F9DD0C2A3A892000373330 /* Resources */ = {
			isa = PBXResourcesBuildPhase;
			buildActionMask = 2147483647;
			files = (
			);
			runOnlyForDeploymentPostprocessing = 0;
		};
/* End PBXResourcesBuildPhase section */

/* Begin PBXSourcesBuildPhase section */
		F1F9DCEF2A3A891E00373330 /* Sources */ = {
			isa = PBXSourcesBuildPhase;
			buildActionMask = 2147483647;
			files = (
				F1F9DD222A3A896100373330 /* NewToDoView.swift in Sources */,
				F1F9DD252A3A8CB500373330 /* DataModel.xcdatamodeld in Sources */,
				F1F9DCF92A3A891E00373330 /* ContentView.swift in Sources */,
				F1F9DCF72A3A891E00373330 /* TO_DOApp.swift in Sources */,
			);
			runOnlyForDeploymentPostprocessing = 0;
		};
		F1F9DD002A3A892000373330 /* Sources */ = {
			isa = PBXSourcesBuildPhase;
			buildActionMask = 2147483647;
			files = (
				F1F9DD092A3A892000373330 /* TO_DOTests.swift in Sources */,
			);
			runOnlyForDeploymentPostprocessing = 0;
		};
		F1F9DD0A2A3A892000373330 /* Sources */ = {
			isa = PBXSourcesBuildPhase;
			buildActionMask = 2147483647;
			files = (
				F1F9DD152A3A892000373330 /* TO_DOUITestsLaunchTests.swift in Sources */,
				F1F9DD132A3A892000373330 /* TO_DOUITests.swift in Sources */,
			);
			runOnlyForDeploymentPostprocessing = 0;
		};
/* End PBXSourcesBuildPhase section */

/* Begin PBXTargetDependency section */
		F1F9DD062A3A892000373330 /* PBXTargetDependency */ = {
			isa = PBXTargetDependency;
			target = F1F9DCF22A3A891E00373330 /* TO DO */;
			targetProxy = F1F9DD052A3A892000373330 /* PBXContainerItemProxy */;
		};
		F1F9DD102A3A892000373330 /* PBXTargetDependency */ = {
			isa = PBXTargetDependency;
			target = F1F9DCF22A3A891E00373330 /* TO DO */;
			targetProxy = F1F9DD0F2A3A892000373330 /* PBXContainerItemProxy */;
		};
/* End PBXTargetDependency section */

/* Begin XCBuildConfiguration section */
		F1F9DD162A3A892000373330 /* Debug */ = {
			isa = XCBuildConfiguration;
			buildSettings = {
				ALWAYS_SEARCH_USER_PATHS = NO;
				CLANG_ANALYZER_NONNULL = YES;
				CLANG_ANALYZER_NUMBER_OBJECT_CONVERSION = YES_AGGRESSIVE;
				CLANG_CXX_LANGUAGE_STANDARD = "gnu++20";
				CLANG_ENABLE_MODULES = YES;
				CLANG_ENABLE_OBJC_ARC = YES;
				CLANG_ENABLE_OBJC_WEAK = YES;
				CLANG_WARN_BLOCK_CAPTURE_AUTORELEASING = YES;
				CLANG_WARN_BOOL_CONVERSION = YES;
				CLANG_WARN_COMMA = YES;
				CLANG_WARN_CONSTANT_CONVERSION = YES;
				CLANG_WARN_DEPRECATED_OBJC_IMPLEMENTATIONS = YES;
				CLANG_WARN_DIRECT_OBJC_ISA_USAGE = YES_ERROR;
				CLANG_WARN_DOCUMENTATION_COMMENTS = YES;
				CLANG_WARN_EMPTY_BODY = YES;
				CLANG_WARN_ENUM_CONVERSION = YES;
				CLANG_WARN_INFINITE_RECURSION = YES;
				CLANG_WARN_INT_CONVERSION = YES;
				CLANG_WARN_NON_LITERAL_NULL_CONVERSION = YES;
				CLANG_WARN_OBJC_IMPLICIT_RETAIN_SELF = YES;
				CLANG_WARN_OBJC_LITERAL_CONVERSION = YES;
				CLANG_WARN_OBJC_ROOT_CLASS = YES_ERROR;
				CLANG_WARN_QUOTED_INCLUDE_IN_FRAMEWORK_HEADER = YES;
				CLANG_WARN_RANGE_LOOP_ANALYSIS = YES;
				CLANG_WARN_STRICT_PROTOTYPES = YES;
				CLANG_WARN_SUSPICIOUS_MOVE = YES;
				CLANG_WARN_UNGUARDED_AVAILABILITY = YES_AGGRESSIVE;
				CLANG_WARN_UNREACHABLE_CODE = YES;
				CLANG_WARN__DUPLICATE_METHOD_MATCH = YES;
				COPY_PHASE_STRIP = NO;
				DEBUG_INFORMATION_FORMAT = dwarf;
				ENABLE_STRICT_OBJC_MSGSEND = YES;
				ENABLE_TESTABILITY = YES;
				GCC_C_LANGUAGE_STANDARD = gnu11;
				GCC_DYNAMIC_NO_PIC = NO;
				GCC_NO_COMMON_BLOCKS = YES;
				GCC_OPTIMIZATION_LEVEL = 0;
				GCC_PREPROCESSOR_DEFINITIONS = (
					"DEBUG=1",
					"$(inherited)",
				);
				GCC_WARN_64_TO_32_BIT_CONVERSION = YES;
				GCC_WARN_ABOUT_RETURN_TYPE = YES_ERROR;
				GCC_WARN_UNDECLARED_SELECTOR = YES;
				GCC_WARN_UNINITIALIZED_AUTOS = YES_AGGRESSIVE;
				GCC_WARN_UNUSED_FUNCTION = YES;
				GCC_WARN_UNUSED_VARIABLE = YES;
				MTL_ENABLE_DEBUG_INFO = INCLUDE_SOURCE;
				MTL_FAST_MATH = YES;
				ONLY_ACTIVE_ARCH = YES;
				SWIFT_ACTIVE_COMPILATION_CONDITIONS = DEBUG;
				SWIFT_OPTIMIZATION_LEVEL = "-Onone";
			};
			name = Debug;
		};
		F1F9DD172A3A892000373330 /* Release */ = {
			isa = XCBuildConfiguration;
			buildSettings = {
				ALWAYS_SEARCH_USER_PATHS = NO;
				CLANG_ANALYZER_NONNULL = YES;
				CLANG_ANALYZER_NUMBER_OBJECT_CONVERSION = YES_AGGRESSIVE;
				CLANG_CXX_LANGUAGE_STANDARD = "gnu++20";
				CLANG_ENABLE_MODULES = YES;
				CLANG_ENABLE_OBJC_ARC = YES;
				CLANG_ENABLE_OBJC_WEAK = YES;
				CLANG_WARN_BLOCK_CAPTURE_AUTORELEASING = YES;
				CLANG_WARN_BOOL_CONVERSION = YES;
				CLANG_WARN_COMMA = YES;
				CLANG_WARN_CONSTANT_CONVERSION = YES;
				CLANG_WARN_DEPRECATED_OBJC_IMPLEMENTATIONS = YES;
				CLANG_WARN_DIRECT_OBJC_ISA_USAGE = YES_ERROR;
				CLANG_WARN_DOCUMENTATION_COMMENTS = YES;
				CLANG_WARN_EMPTY_BODY = YES;
				CLANG_WARN_ENUM_CONVERSION = YES;
				CLANG_WARN_INFINITE_RECURSION = YES;
				CLANG_WARN_INT_CONVERSION = YES;
				CLANG_WARN_NON_LITERAL_NULL_CONVERSION = YES;
				CLANG_WARN_OBJC_IMPLICIT_RETAIN_SELF = YES;
				CLANG_WARN_OBJC_LITERAL_CONVERSION = YES;
				CLANG_WARN_OBJC_ROOT_CLASS = YES_ERROR;
				CLANG_WARN_QUOTED_INCLUDE_IN_FRAMEWORK_HEADER = YES;
				CLANG_WARN_RANGE_LOOP_ANALYSIS = YES;
				CLANG_WARN_STRICT_PROTOTYPES = YES;
				CLANG_WARN_SUSPICIOUS_MOVE = YES;
				CLANG_WARN_UNGUARDED_AVAILABILITY = YES_AGGRESSIVE;
				CLANG_WARN_UNREACHABLE_CODE = YES;
				CLANG_WARN__DUPLICATE_METHOD_MATCH = YES;
				COPY_PHASE_STRIP = NO;
				DEBUG_INFORMATION_FORMAT = "dwarf-with-dsym";
				ENABLE_NS_ASSERTIONS = NO;
				ENABLE_STRICT_OBJC_MSGSEND = YES;
				GCC_C_LANGUAGE_STANDARD = gnu11;
				GCC_NO_COMMON_BLOCKS = YES;
				GCC_WARN_64_TO_32_BIT_CONVERSION = YES;
				GCC_WARN_ABOUT_RETURN_TYPE = YES_ERROR;
				GCC_WARN_UNDECLARED_SELECTOR = YES;
				GCC_WARN_UNINITIALIZED_AUTOS = YES_AGGRESSIVE;
				GCC_WARN_UNUSED_FUNCTION = YES;
				GCC_WARN_UNUSED_VARIABLE = YES;
				MTL_ENABLE_DEBUG_INFO = NO;
				MTL_FAST_MATH = YES;
				SWIFT_COMPILATION_MODE = wholemodule;
				SWIFT_OPTIMIZATION_LEVEL = "-O";
			};
			name = Release;
		};
		F1F9DD192A3A892000373330 /* Debug */ = {
			isa = XCBuildConfiguration;
			buildSettings = {
				ASSETCATALOG_COMPILER_APPICON_NAME = AppIcon;
				ASSETCATALOG_COMPILER_GLOBAL_ACCENT_COLOR_NAME = AccentColor;
				CODE_SIGN_ENTITLEMENTS = "TO DO/TO_DO.entitlements";
				CODE_SIGN_STYLE = Automatic;
				CURRENT_PROJECT_VERSION = 1;
				DEVELOPMENT_ASSET_PATHS = "\"TO DO/Preview Content\"";
				DEVELOPMENT_TEAM = TXH9C5ZMKB;
				ENABLE_HARDENED_RUNTIME = YES;
				ENABLE_PREVIEWS = YES;
				GENERATE_INFOPLIST_FILE = YES;
				"INFOPLIST_KEY_UIApplicationSceneManifest_Generation[sdk=iphoneos*]" = YES;
				"INFOPLIST_KEY_UIApplicationSceneManifest_Generation[sdk=iphonesimulator*]" = YES;
				"INFOPLIST_KEY_UIApplicationSupportsIndirectInputEvents[sdk=iphoneos*]" = YES;
				"INFOPLIST_KEY_UIApplicationSupportsIndirectInputEvents[sdk=iphonesimulator*]" = YES;
				"INFOPLIST_KEY_UILaunchScreen_Generation[sdk=iphoneos*]" = YES;
				"INFOPLIST_KEY_UILaunchScreen_Generation[sdk=iphonesimulator*]" = YES;
				"INFOPLIST_KEY_UIStatusBarStyle[sdk=iphoneos*]" = UIStatusBarStyleDefault;
				"INFOPLIST_KEY_UIStatusBarStyle[sdk=iphonesimulator*]" = UIStatusBarStyleDefault;
				INFOPLIST_KEY_UISupportedInterfaceOrientations_iPad = "UIInterfaceOrientationPortrait UIInterfaceOrientationPortraitUpsideDown UIInterfaceOrientationLandscapeLeft UIInterfaceOrientationLandscapeRight";
				INFOPLIST_KEY_UISupportedInterfaceOrientations_iPhone = "UIInterfaceOrientationPortrait UIInterfaceOrientationLandscapeLeft UIInterfaceOrientationLandscapeRight";
				IPHONEOS_DEPLOYMENT_TARGET = 16.4;
				LD_RUNPATH_SEARCH_PATHS = "@executable_path/Frameworks";
				"LD_RUNPATH_SEARCH_PATHS[sdk=macosx*]" = "@executable_path/../Frameworks";
				MACOSX_DEPLOYMENT_TARGET = 13.3;
				MARKETING_VERSION = 1.0;
				PRODUCT_BUNDLE_IDENTIFIER = "KWK.TO-DO";
				PRODUCT_NAME = "$(TARGET_NAME)";
				SDKROOT = auto;
				SUPPORTED_PLATFORMS = "iphoneos iphonesimulator macosx";
				SWIFT_EMIT_LOC_STRINGS = YES;
				SWIFT_VERSION = 5.0;
				TARGETED_DEVICE_FAMILY = "1,2";
			};
			name = Debug;
		};
		F1F9DD1A2A3A892000373330 /* Release */ = {
			isa = XCBuildConfiguration;
			buildSettings = {
				ASSETCATALOG_COMPILER_APPICON_NAME = AppIcon;
				ASSETCATALOG_COMPILER_GLOBAL_ACCENT_COLOR_NAME = AccentColor;
				CODE_SIGN_ENTITLEMENTS = "TO DO/TO_DO.entitlements";
				CODE_SIGN_STYLE = Automatic;
				CURRENT_PROJECT_VERSION = 1;
				DEVELOPMENT_ASSET_PATHS = "\"TO DO/Preview Content\"";
				DEVELOPMENT_TEAM = TXH9C5ZMKB;
				ENABLE_HARDENED_RUNTIME = YES;
				ENABLE_PREVIEWS = YES;
				GENERATE_INFOPLIST_FILE = YES;
				"INFOPLIST_KEY_UIApplicationSceneManifest_Generation[sdk=iphoneos*]" = YES;
				"INFOPLIST_KEY_UIApplicationSceneManifest_Generation[sdk=iphonesimulator*]" = YES;
				"INFOPLIST_KEY_UIApplicationSupportsIndirectInputEvents[sdk=iphoneos*]" = YES;
				"INFOPLIST_KEY_UIApplicationSupportsIndirectInputEvents[sdk=iphonesimulator*]" = YES;
				"INFOPLIST_KEY_UILaunchScreen_Generation[sdk=iphoneos*]" = YES;
				"INFOPLIST_KEY_UILaunchScreen_Generation[sdk=iphonesimulator*]" = YES;
				"INFOPLIST_KEY_UIStatusBarStyle[sdk=iphoneos*]" = UIStatusBarStyleDefault;
				"INFOPLIST_KEY_UIStatusBarStyle[sdk=iphonesimulator*]" = UIStatusBarStyleDefault;
				INFOPLIST_KEY_UISupportedInterfaceOrientations_iPad = "UIInterfaceOrientationPortrait UIInterfaceOrientationPortraitUpsideDown UIInterfaceOrientationLandscapeLeft UIInterfaceOrientationLandscapeRight";
				INFOPLIST_KEY_UISupportedInterfaceOrientations_iPhone = "UIInterfaceOrientationPortrait UIInterfaceOrientationLandscapeLeft UIInterfaceOrientationLandscapeRight";
				IPHONEOS_DEPLOYMENT_TARGET = 16.4;
				LD_RUNPATH_SEARCH_PATHS = "@executable_path/Frameworks";
				"LD_RUNPATH_SEARCH_PATHS[sdk=macosx*]" = "@executable_path/../Frameworks";
				MACOSX_DEPLOYMENT_TARGET = 13.3;
				MARKETING_VERSION = 1.0;
				PRODUCT_BUNDLE_IDENTIFIER = "KWK.TO-DO";
				PRODUCT_NAME = "$(TARGET_NAME)";
				SDKROOT = auto;
				SUPPORTED_PLATFORMS = "iphoneos iphonesimulator macosx";
				SWIFT_EMIT_LOC_STRINGS = YES;
				SWIFT_VERSION = 5.0;
				TARGETED_DEVICE_FAMILY = "1,2";
			};
			name = Release;
		};
		F1F9DD1C2A3A892000373330 /* Debug */ = {
			isa = XCBuildConfiguration;
			buildSettings = {
				ALWAYS_EMBED_SWIFT_STANDARD_LIBRARIES = YES;
				BUNDLE_LOADER = "$(TEST_HOST)";
				CODE_SIGN_STYLE = Automatic;
				CURRENT_PROJECT_VERSION = 1;
				DEVELOPMENT_TEAM = TXH9C5ZMKB;
				GENERATE_INFOPLIST_FILE = YES;
				IPHONEOS_DEPLOYMENT_TARGET = 16.4;
				MACOSX_DEPLOYMENT_TARGET = 13.3;
				MARKETING_VERSION = 1.0;
				PRODUCT_BUNDLE_IDENTIFIER = "KWK.TO-DOTests";
				PRODUCT_NAME = "$(TARGET_NAME)";
				SDKROOT = auto;
				SUPPORTED_PLATFORMS = "iphoneos iphonesimulator macosx";
				SWIFT_EMIT_LOC_STRINGS = NO;
				SWIFT_VERSION = 5.0;
				TARGETED_DEVICE_FAMILY = "1,2";
				TEST_HOST = "$(BUILT_PRODUCTS_DIR)/TO DO.app/$(BUNDLE_EXECUTABLE_FOLDER_PATH)/TO DO";
			};
			name = Debug;
		};
		F1F9DD1D2A3A892000373330 /* Release */ = {
			isa = XCBuildConfiguration;
			buildSettings = {
				ALWAYS_EMBED_SWIFT_STANDARD_LIBRARIES = YES;
				BUNDLE_LOADER = "$(TEST_HOST)";
				CODE_SIGN_STYLE = Automatic;
				CURRENT_PROJECT_VERSION = 1;
				DEVELOPMENT_TEAM = TXH9C5ZMKB;
				GENERATE_INFOPLIST_FILE = YES;
				IPHONEOS_DEPLOYMENT_TARGET = 16.4;
				MACOSX_DEPLOYMENT_TARGET = 13.3;
				MARKETING_VERSION = 1.0;
				PRODUCT_BUNDLE_IDENTIFIER = "KWK.TO-DOTests";
				PRODUCT_NAME = "$(TARGET_NAME)";
				SDKROOT = auto;
				SUPPORTED_PLATFORMS = "iphoneos iphonesimulator macosx";
				SWIFT_EMIT_LOC_STRINGS = NO;
				SWIFT_VERSION = 5.0;
				TARGETED_DEVICE_FAMILY = "1,2";
				TEST_HOST = "$(BUILT_PRODUCTS_DIR)/TO DO.app/$(BUNDLE_EXECUTABLE_FOLDER_PATH)/TO DO";
			};
			name = Release;
		};
		F1F9DD1F2A3A892000373330 /* Debug */ = {
			isa = XCBuildConfiguration;
			buildSettings = {
				ALWAYS_EMBED_SWIFT_STANDARD_LIBRARIES = YES;
				CODE_SIGN_STYLE = Automatic;
				CURRENT_PROJECT_VERSION = 1;
				DEVELOPMENT_TEAM = TXH9C5ZMKB;
				GENERATE_INFOPLIST_FILE = YES;
				IPHONEOS_DEPLOYMENT_TARGET = 16.4;
				MACOSX_DEPLOYMENT_TARGET = 13.3;
				MARKETING_VERSION = 1.0;
				PRODUCT_BUNDLE_IDENTIFIER = "KWK.TO-DOUITests";
				PRODUCT_NAME = "$(TARGET_NAME)";
				SDKROOT = auto;
				SUPPORTED_PLATFORMS = "iphoneos iphonesimulator macosx";
				SWIFT_EMIT_LOC_STRINGS = NO;
				SWIFT_VERSION = 5.0;
				TARGETED_DEVICE_FAMILY = "1,2";
				TEST_TARGET_NAME = "TO DO";
			};
			name = Debug;
		};
		F1F9DD202A3A892000373330 /* Release */ = {
			isa = XCBuildConfiguration;
			buildSettings = {
				ALWAYS_EMBED_SWIFT_STANDARD_LIBRARIES = YES;
				CODE_SIGN_STYLE = Automatic;
				CURRENT_PROJECT_VERSION = 1;
				DEVELOPMENT_TEAM = TXH9C5ZMKB;
				GENERATE_INFOPLIST_FILE = YES;
				IPHONEOS_DEPLOYMENT_TARGET = 16.4;
				MACOSX_DEPLOYMENT_TARGET = 13.3;
				MARKETING_VERSION = 1.0;
				PRODUCT_BUNDLE_IDENTIFIER = "KWK.TO-DOUITests";
				PRODUCT_NAME = "$(TARGET_NAME)";
				SDKROOT = auto;
				SUPPORTED_PLATFORMS = "iphoneos iphonesimulator macosx";
				SWIFT_EMIT_LOC_STRINGS = NO;
				SWIFT_VERSION = 5.0;
				TARGETED_DEVICE_FAMILY = "1,2";
				TEST_TARGET_NAME = "TO DO";
			};
			name = Release;
		};
/* End XCBuildConfiguration section */

/* Begin XCConfigurationList section */
		F1F9DCEE2A3A891E00373330 /* Build configuration list for PBXProject "TO DO" */ = {
			isa = XCConfigurationList;
			buildConfigurations = (
				F1F9DD162A3A892000373330 /* Debug */,
				F1F9DD172A3A892000373330 /* Release */,
			);
			defaultConfigurationIsVisible = 0;
			defaultConfigurationName = Release;
		};
		F1F9DD182A3A892000373330 /* Build configuration list for PBXNativeTarget "TO DO" */ = {
			isa = XCConfigurationList;
			buildConfigurations = (
				F1F9DD192A3A892000373330 /* Debug */,
				F1F9DD1A2A3A892000373330 /* Release */,
			);
			defaultConfigurationIsVisible = 0;
			defaultConfigurationName = Release;
		};
		F1F9DD1B2A3A892000373330 /* Build configuration list for PBXNativeTarget "TO DOTests" */ = {
			isa = XCConfigurationList;
			buildConfigurations = (
				F1F9DD1C2A3A892000373330 /* Debug */,
				F1F9DD1D2A3A892000373330 /* Release */,
			);
			defaultConfigurationIsVisible = 0;
			defaultConfigurationName = Release;
		};
		F1F9DD1E2A3A892000373330 /* Build configuration list for PBXNativeTarget "TO DOUITests" */ = {
			isa = XCConfigurationList;
			buildConfigurations = (
				F1F9DD1F2A3A892000373330 /* Debug */,
				F1F9DD202A3A892000373330 /* Release */,
			);
			defaultConfigurationIsVisible = 0;
			defaultConfigurationName = Release;
		};
/* End XCConfigurationList section */

/* Begin XCVersionGroup section */
		F1F9DD232A3A8CB500373330 /* DataModel.xcdatamodeld */ = {
			isa = XCVersionGroup;
			children = (
				F1F9DD242A3A8CB500373330 /* DataModel.xcdatamodel */,
			);
			currentVersion = F1F9DD242A3A8CB500373330 /* DataModel.xcdatamodel */;
			path = DataModel.xcdatamodeld;
			sourceTree = "<group>";
			versionGroupType = wrapper.xcdatamodel;
		};
/* End XCVersionGroup section */
	};
	rootObject = F1F9DCEB2A3A891E00373330 /* Project object */;
}
