// !$*UTF8*$!
{
	archiveVersion = 1;
	classes = {
	};
	objectVersion = 56;
	objects = {

/* Begin PBXBuildFile section */
		F1F31A762A3AC81E009AC851 /* KWK_APPApp.swift in Sources */ = {isa = PBXBuildFile; fileRef = F1F31A752A3AC81E009AC851 /* KWK_APPApp.swift */; };
		F1F31A782A3AC81E009AC851 /* ContentView.swift in Sources */ = {isa = PBXBuildFile; fileRef = F1F31A772A3AC81E009AC851 /* ContentView.swift */; };
		F1F31A7A2A3AC81F009AC851 /* Assets.xcassets in Resources */ = {isa = PBXBuildFile; fileRef = F1F31A792A3AC81F009AC851 /* Assets.xcassets */; };
		F1F31A7E2A3AC81F009AC851 /* Preview Assets.xcassets in Resources */ = {isa = PBXBuildFile; fileRef = F1F31A7D2A3AC81F009AC851 /* Preview Assets.xcassets */; };
		F1F31A882A3AC81F009AC851 /* KWK_APPTests.swift in Sources */ = {isa = PBXBuildFile; fileRef = F1F31A872A3AC81F009AC851 /* KWK_APPTests.swift */; };
		F1F31A922A3AC81F009AC851 /* KWK_APPUITests.swift in Sources */ = {isa = PBXBuildFile; fileRef = F1F31A912A3AC81F009AC851 /* KWK_APPUITests.swift */; };
		F1F31A942A3AC81F009AC851 /* KWK_APPUITestsLaunchTests.swift in Sources */ = {isa = PBXBuildFile; fileRef = F1F31A932A3AC81F009AC851 /* KWK_APPUITestsLaunchTests.swift */; };
		F1F31AA12A3AC866009AC851 /* TODOView.swift in Sources */ = {isa = PBXBuildFile; fileRef = F1F31AA02A3AC866009AC851 /* TODOView.swift */; };
		F1F31AA32A3AC898009AC851 /* ResourceView.swift in Sources */ = {isa = PBXBuildFile; fileRef = F1F31AA22A3AC898009AC851 /* ResourceView.swift */; };
		F1F31AA52A3AC8B7009AC851 /* PageView.swift in Sources */ = {isa = PBXBuildFile; fileRef = F1F31AA42A3AC8B7009AC851 /* PageView.swift */; };
/* End PBXBuildFile section */

/* Begin PBXContainerItemProxy section */
		F1F31A842A3AC81F009AC851 /* PBXContainerItemProxy */ = {
			isa = PBXContainerItemProxy;
			containerPortal = F1F31A6A2A3AC81E009AC851 /* Project object */;
			proxyType = 1;
			remoteGlobalIDString = F1F31A712A3AC81E009AC851;
			remoteInfo = "KWK APP";
		};
		F1F31A8E2A3AC81F009AC851 /* PBXContainerItemProxy */ = {
			isa = PBXContainerItemProxy;
			containerPortal = F1F31A6A2A3AC81E009AC851 /* Project object */;
			proxyType = 1;
			remoteGlobalIDString = F1F31A712A3AC81E009AC851;
			remoteInfo = "KWK APP";
		};
/* End PBXContainerItemProxy section */

/* Begin PBXFileReference section */
		F1F31A722A3AC81E009AC851 /* KWK APP.app */ = {isa = PBXFileReference; explicitFileType = wrapper.application; includeInIndex = 0; path = "KWK APP.app"; sourceTree = BUILT_PRODUCTS_DIR; };
		F1F31A752A3AC81E009AC851 /* KWK_APPApp.swift */ = {isa = PBXFileReference; lastKnownFileType = sourcecode.swift; path = KWK_APPApp.swift; sourceTree = "<group>"; };
		F1F31A772A3AC81E009AC851 /* ContentView.swift */ = {isa = PBXFileReference; lastKnownFileType = sourcecode.swift; path = ContentView.swift; sourceTree = "<group>"; };
		F1F31A792A3AC81F009AC851 /* Assets.xcassets */ = {isa = PBXFileReference; lastKnownFileType = folder.assetcatalog; path = Assets.xcassets; sourceTree = "<group>"; };
		F1F31A7B2A3AC81F009AC851 /* KWK_APP.entitlements */ = {isa = PBXFileReference; lastKnownFileType = text.plist.entitlements; path = KWK_APP.entitlements; sourceTree = "<group>"; };
		F1F31A7D2A3AC81F009AC851 /* Preview Assets.xcassets */ = {isa = PBXFileReference; lastKnownFileType = folder.assetcatalog; path = "Preview Assets.xcassets"; sourceTree = "<group>"; };
		F1F31A832A3AC81F009AC851 /* KWK APPTests.xctest */ = {isa = PBXFileReference; explicitFileType = wrapper.cfbundle; includeInIndex = 0; path = "KWK APPTests.xctest"; sourceTree = BUILT_PRODUCTS_DIR; };
		F1F31A872A3AC81F009AC851 /* KWK_APPTests.swift */ = {isa = PBXFileReference; lastKnownFileType = sourcecode.swift; path = KWK_APPTests.swift; sourceTree = "<group>"; };
		F1F31A8D2A3AC81F009AC851 /* KWK APPUITests.xctest */ = {isa = PBXFileReference; explicitFileType = wrapper.cfbundle; includeInIndex = 0; path = "KWK APPUITests.xctest"; sourceTree = BUILT_PRODUCTS_DIR; };
		F1F31A912A3AC81F009AC851 /* KWK_APPUITests.swift */ = {isa = PBXFileReference; lastKnownFileType = sourcecode.swift; path = KWK_APPUITests.swift; sourceTree = "<group>"; };
		F1F31A932A3AC81F009AC851 /* KWK_APPUITestsLaunchTests.swift */ = {isa = PBXFileReference; lastKnownFileType = sourcecode.swift; path = KWK_APPUITestsLaunchTests.swift; sourceTree = "<group>"; };
		F1F31AA02A3AC866009AC851 /* TODOView.swift */ = {isa = PBXFileReference; lastKnownFileType = sourcecode.swift; path = TODOView.swift; sourceTree = "<group>"; };
		F1F31AA22A3AC898009AC851 /* ResourceView.swift */ = {isa = PBXFileReference; lastKnownFileType = sourcecode.swift; path = ResourceView.swift; sourceTree = "<group>"; };
		F1F31AA42A3AC8B7009AC851 /* PageView.swift */ = {isa = PBXFileReference; lastKnownFileType = sourcecode.swift; path = PageView.swift; sourceTree = "<group>"; };
/* End PBXFileReference section */

/* Begin PBXFrameworksBuildPhase section */
		F1F31A6F2A3AC81E009AC851 /* Frameworks */ = {
			isa = PBXFrameworksBuildPhase;
			buildActionMask = 2147483647;
			files = (
			);
			runOnlyForDeploymentPostprocessing = 0;
		};
		F1F31A802A3AC81F009AC851 /* Frameworks */ = {
			isa = PBXFrameworksBuildPhase;
			buildActionMask = 2147483647;
			files = (
			);
			runOnlyForDeploymentPostprocessing = 0;
		};
		F1F31A8A2A3AC81F009AC851 /* Frameworks */ = {
			isa = PBXFrameworksBuildPhase;
			buildActionMask = 2147483647;
			files = (
			);
			runOnlyForDeploymentPostprocessing = 0;
		};
/* End PBXFrameworksBuildPhase section */

/* Begin PBXGroup section */
		F1F31A692A3AC81E009AC851 = {
			isa = PBXGroup;
			children = (
				F1F31A742A3AC81E009AC851 /* KWK APP */,
				F1F31A862A3AC81F009AC851 /* KWK APPTests */,
				F1F31A902A3AC81F009AC851 /* KWK APPUITests */,
				F1F31A732A3AC81E009AC851 /* Products */,
			);
			sourceTree = "<group>";
		};
		F1F31A732A3AC81E009AC851 /* Products */ = {
			isa = PBXGroup;
			children = (
				F1F31A722A3AC81E009AC851 /* KWK APP.app */,
				F1F31A832A3AC81F009AC851 /* KWK APPTests.xctest */,
				F1F31A8D2A3AC81F009AC851 /* KWK APPUITests.xctest */,
			);
			name = Products;
			sourceTree = "<group>";
		};
		F1F31A742A3AC81E009AC851 /* KWK APP */ = {
			isa = PBXGroup;
			children = (
				F1F31A752A3AC81E009AC851 /* KWK_APPApp.swift */,
				F1F31A772A3AC81E009AC851 /* ContentView.swift */,
				F1F31AA02A3AC866009AC851 /* TODOView.swift */,
				F1F31AA22A3AC898009AC851 /* ResourceView.swift */,
				F1F31AA42A3AC8B7009AC851 /* PageView.swift */,
				F1F31A792A3AC81F009AC851 /* Assets.xcassets */,
				F1F31A7B2A3AC81F009AC851 /* KWK_APP.entitlements */,
				F1F31A7C2A3AC81F009AC851 /* Preview Content */,
			);
			path = "KWK APP";
			sourceTree = "<group>";
		};
		F1F31A7C2A3AC81F009AC851 /* Preview Content */ = {
			isa = PBXGroup;
			children = (
				F1F31A7D2A3AC81F009AC851 /* Preview Assets.xcassets */,
			);
			path = "Preview Content";
			sourceTree = "<group>";
		};
		F1F31A862A3AC81F009AC851 /* KWK APPTests */ = {
			isa = PBXGroup;
			children = (
				F1F31A872A3AC81F009AC851 /* KWK_APPTests.swift */,
			);
			path = "KWK APPTests";
			sourceTree = "<group>";
		};
		F1F31A902A3AC81F009AC851 /* KWK APPUITests */ = {
			isa = PBXGroup;
			children = (
				F1F31A912A3AC81F009AC851 /* KWK_APPUITests.swift */,
				F1F31A932A3AC81F009AC851 /* KWK_APPUITestsLaunchTests.swift */,
			);
			path = "KWK APPUITests";
			sourceTree = "<group>";
		};
/* End PBXGroup section */

/* Begin PBXNativeTarget section */
		F1F31A712A3AC81E009AC851 /* KWK APP */ = {
			isa = PBXNativeTarget;
			buildConfigurationList = F1F31A972A3AC81F009AC851 /* Build configuration list for PBXNativeTarget "KWK APP" */;
			buildPhases = (
				F1F31A6E2A3AC81E009AC851 /* Sources */,
				F1F31A6F2A3AC81E009AC851 /* Frameworks */,
				F1F31A702A3AC81E009AC851 /* Resources */,
			);
			buildRules = (
			);
			dependencies = (
			);
			name = "KWK APP";
			productName = "KWK APP";
			productReference = F1F31A722A3AC81E009AC851 /* KWK APP.app */;
			productType = "com.apple.product-type.application";
		};
		F1F31A822A3AC81F009AC851 /* KWK APPTests */ = {
			isa = PBXNativeTarget;
			buildConfigurationList = F1F31A9A2A3AC81F009AC851 /* Build configuration list for PBXNativeTarget "KWK APPTests" */;
			buildPhases = (
				F1F31A7F2A3AC81F009AC851 /* Sources */,
				F1F31A802A3AC81F009AC851 /* Frameworks */,
				F1F31A812A3AC81F009AC851 /* Resources */,
			);
			buildRules = (
			);
			dependencies = (
				F1F31A852A3AC81F009AC851 /* PBXTargetDependency */,
			);
			name = "KWK APPTests";
			productName = "KWK APPTests";
			productReference = F1F31A832A3AC81F009AC851 /* KWK APPTests.xctest */;
			productType = "com.apple.product-type.bundle.unit-test";
		};
		F1F31A8C2A3AC81F009AC851 /* KWK APPUITests */ = {
			isa = PBXNativeTarget;
			buildConfigurationList = F1F31A9D2A3AC81F009AC851 /* Build configuration list for PBXNativeTarget "KWK APPUITests" */;
			buildPhases = (
				F1F31A892A3AC81F009AC851 /* Sources */,
				F1F31A8A2A3AC81F009AC851 /* Frameworks */,
				F1F31A8B2A3AC81F009AC851 /* Resources */,
			);
			buildRules = (
			);
			dependencies = (
				F1F31A8F2A3AC81F009AC851 /* PBXTargetDependency */,
			);
			name = "KWK APPUITests";
			productName = "KWK APPUITests";
			productReference = F1F31A8D2A3AC81F009AC851 /* KWK APPUITests.xctest */;
			productType = "com.apple.product-type.bundle.ui-testing";
		};
/* End PBXNativeTarget section */

/* Begin PBXProject section */
		F1F31A6A2A3AC81E009AC851 /* Project object */ = {
			isa = PBXProject;
			attributes = {
				BuildIndependentTargetsInParallel = 1;
				LastSwiftUpdateCheck = 1430;
				LastUpgradeCheck = 1430;
				TargetAttributes = {
					F1F31A712A3AC81E009AC851 = {
						CreatedOnToolsVersion = 14.3;
					};
					F1F31A822A3AC81F009AC851 = {
						CreatedOnToolsVersion = 14.3;
						TestTargetID = F1F31A712A3AC81E009AC851;
					};
					F1F31A8C2A3AC81F009AC851 = {
						CreatedOnToolsVersion = 14.3;
						TestTargetID = F1F31A712A3AC81E009AC851;
					};
				};
			};
			buildConfigurationList = F1F31A6D2A3AC81E009AC851 /* Build configuration list for PBXProject "KWK APP" */;
			compatibilityVersion = "Xcode 14.0";
			developmentRegion = en;
			hasScannedForEncodings = 0;
			knownRegions = (
				en,
				Base,
			);
			mainGroup = F1F31A692A3AC81E009AC851;
			productRefGroup = F1F31A732A3AC81E009AC851 /* Products */;
			projectDirPath = "";
			projectRoot = "";
			targets = (
				F1F31A712A3AC81E009AC851 /* KWK APP */,
				F1F31A822A3AC81F009AC851 /* KWK APPTests */,
				F1F31A8C2A3AC81F009AC851 /* KWK APPUITests */,
			);
		};
/* End PBXProject section */

/* Begin PBXResourcesBuildPhase section */
		F1F31A702A3AC81E009AC851 /* Resources */ = {
			isa = PBXResourcesBuildPhase;
			buildActionMask = 2147483647;
			files = (
				F1F31A7E2A3AC81F009AC851 /* Preview Assets.xcassets in Resources */,
				F1F31A7A2A3AC81F009AC851 /* Assets.xcassets in Resources */,
			);
			runOnlyForDeploymentPostprocessing = 0;
		};
		F1F31A812A3AC81F009AC851 /* Resources */ = {
			isa = PBXResourcesBuildPhase;
			buildActionMask = 2147483647;
			files = (
			);
			runOnlyForDeploymentPostprocessing = 0;
		};
		F1F31A8B2A3AC81F009AC851 /* Resources */ = {
			isa = PBXResourcesBuildPhase;
			buildActionMask = 2147483647;
			files = (
			);
			runOnlyForDeploymentPostprocessing = 0;
		};
/* End PBXResourcesBuildPhase section */

/* Begin PBXSourcesBuildPhase section */
		F1F31A6E2A3AC81E009AC851 /* Sources */ = {
			isa = PBXSourcesBuildPhase;
			buildActionMask = 2147483647;
			files = (
				F1F31AA52A3AC8B7009AC851 /* PageView.swift in Sources */,
				F1F31AA32A3AC898009AC851 /* ResourceView.swift in Sources */,
				F1F31A782A3AC81E009AC851 /* ContentView.swift in Sources */,
				F1F31A762A3AC81E009AC851 /* KWK_APPApp.swift in Sources */,
				F1F31AA12A3AC866009AC851 /* TODOView.swift in Sources */,
			);
			runOnlyForDeploymentPostprocessing = 0;
		};
		F1F31A7F2A3AC81F009AC851 /* Sources */ = {
			isa = PBXSourcesBuildPhase;
			buildActionMask = 2147483647;
			files = (
				F1F31A882A3AC81F009AC851 /* KWK_APPTests.swift in Sources */,
			);
			runOnlyForDeploymentPostprocessing = 0;
		};
		F1F31A892A3AC81F009AC851 /* Sources */ = {
			isa = PBXSourcesBuildPhase;
			buildActionMask = 2147483647;
			files = (
				F1F31A942A3AC81F009AC851 /* KWK_APPUITestsLaunchTests.swift in Sources */,
				F1F31A922A3AC81F009AC851 /* KWK_APPUITests.swift in Sources */,
			);
			runOnlyForDeploymentPostprocessing = 0;
		};
/* End PBXSourcesBuildPhase section */

/* Begin PBXTargetDependency section */
		F1F31A852A3AC81F009AC851 /* PBXTargetDependency */ = {
			isa = PBXTargetDependency;
			target = F1F31A712A3AC81E009AC851 /* KWK APP */;
			targetProxy = F1F31A842A3AC81F009AC851 /* PBXContainerItemProxy */;
		};
		F1F31A8F2A3AC81F009AC851 /* PBXTargetDependency */ = {
			isa = PBXTargetDependency;
			target = F1F31A712A3AC81E009AC851 /* KWK APP */;
			targetProxy = F1F31A8E2A3AC81F009AC851 /* PBXContainerItemProxy */;
		};
/* End PBXTargetDependency section */

/* Begin XCBuildConfiguration section */
		F1F31A952A3AC81F009AC851 /* Debug */ = {
			isa = XCBuildConfiguration;
			buildSettings = {
				ALWAYS_SEARCH_USER_PATHS = NO;
				CLANG_ANALYZER_NONNULL = YES;
				CLANG_ANALYZER_NUMBER_OBJECT_CONVERSION = YES_AGGRESSIVE;
				CLANG_CXX_LANGUAGE_STANDARD = "gnu++20";
				CLANG_ENABLE_MODULES = YES;
				CLANG_ENABLE_OBJC_ARC = YES;
				CLANG_ENABLE_OBJC_WEAK = YES;
				CLANG_WARN_BLOCK_CAPTURE_AUTORELEASING = YES;
				CLANG_WARN_BOOL_CONVERSION = YES;
				CLANG_WARN_COMMA = YES;
				CLANG_WARN_CONSTANT_CONVERSION = YES;
				CLANG_WARN_DEPRECATED_OBJC_IMPLEMENTATIONS = YES;
				CLANG_WARN_DIRECT_OBJC_ISA_USAGE = YES_ERROR;
				CLANG_WARN_DOCUMENTATION_COMMENTS = YES;
				CLANG_WARN_EMPTY_BODY = YES;
				CLANG_WARN_ENUM_CONVERSION = YES;
				CLANG_WARN_INFINITE_RECURSION = YES;
				CLANG_WARN_INT_CONVERSION = YES;
				CLANG_WARN_NON_LITERAL_NULL_CONVERSION = YES;
				CLANG_WARN_OBJC_IMPLICIT_RETAIN_SELF = YES;
				CLANG_WARN_OBJC_LITERAL_CONVERSION = YES;
				CLANG_WARN_OBJC_ROOT_CLASS = YES_ERROR;
				CLANG_WARN_QUOTED_INCLUDE_IN_FRAMEWORK_HEADER = YES;
				CLANG_WARN_RANGE_LOOP_ANALYSIS = YES;
				CLANG_WARN_STRICT_PROTOTYPES = YES;
				CLANG_WARN_SUSPICIOUS_MOVE = YES;
				CLANG_WARN_UNGUARDED_AVAILABILITY = YES_AGGRESSIVE;
				CLANG_WARN_UNREACHABLE_CODE = YES;
				CLANG_WARN__DUPLICATE_METHOD_MATCH = YES;
				COPY_PHASE_STRIP = NO;
				DEBUG_INFORMATION_FORMAT = dwarf;
				ENABLE_STRICT_OBJC_MSGSEND = YES;
				ENABLE_TESTABILITY = YES;
				GCC_C_LANGUAGE_STANDARD = gnu11;
				GCC_DYNAMIC_NO_PIC = NO;
				GCC_NO_COMMON_BLOCKS = YES;
				GCC_OPTIMIZATION_LEVEL = 0;
				GCC_PREPROCESSOR_DEFINITIONS = (
					"DEBUG=1",
					"$(inherited)",
				);
				GCC_WARN_64_TO_32_BIT_CONVERSION = YES;
				GCC_WARN_ABOUT_RETURN_TYPE = YES_ERROR;
				GCC_WARN_UNDECLARED_SELECTOR = YES;
				GCC_WARN_UNINITIALIZED_AUTOS = YES_AGGRESSIVE;
				GCC_WARN_UNUSED_FUNCTION = YES;
				GCC_WARN_UNUSED_VARIABLE = YES;
				MTL_ENABLE_DEBUG_INFO = INCLUDE_SOURCE;
				MTL_FAST_MATH = YES;
				ONLY_ACTIVE_ARCH = YES;
				SWIFT_ACTIVE_COMPILATION_CONDITIONS = DEBUG;
				SWIFT_OPTIMIZATION_LEVEL = "-Onone";
			};
			name = Debug;
		};
		F1F31A962A3AC81F009AC851 /* Release */ = {
			isa = XCBuildConfiguration;
			buildSettings = {
				ALWAYS_SEARCH_USER_PATHS = NO;
				CLANG_ANALYZER_NONNULL = YES;
				CLANG_ANALYZER_NUMBER_OBJECT_CONVERSION = YES_AGGRESSIVE;
				CLANG_CXX_LANGUAGE_STANDARD = "gnu++20";
				CLANG_ENABLE_MODULES = YES;
				CLANG_ENABLE_OBJC_ARC = YES;
				CLANG_ENABLE_OBJC_WEAK = YES;
				CLANG_WARN_BLOCK_CAPTURE_AUTORELEASING = YES;
				CLANG_WARN_BOOL_CONVERSION = YES;
				CLANG_WARN_COMMA = YES;
				CLANG_WARN_CONSTANT_CONVERSION = YES;
				CLANG_WARN_DEPRECATED_OBJC_IMPLEMENTATIONS = YES;
				CLANG_WARN_DIRECT_OBJC_ISA_USAGE = YES_ERROR;
				CLANG_WARN_DOCUMENTATION_COMMENTS = YES;
				CLANG_WARN_EMPTY_BODY = YES;
				CLANG_WARN_ENUM_CONVERSION = YES;
				CLANG_WARN_INFINITE_RECURSION = YES;
				CLANG_WARN_INT_CONVERSION = YES;
				CLANG_WARN_NON_LITERAL_NULL_CONVERSION = YES;
				CLANG_WARN_OBJC_IMPLICIT_RETAIN_SELF = YES;
				CLANG_WARN_OBJC_LITERAL_CONVERSION = YES;
				CLANG_WARN_OBJC_ROOT_CLASS = YES_ERROR;
				CLANG_WARN_QUOTED_INCLUDE_IN_FRAMEWORK_HEADER = YES;
				CLANG_WARN_RANGE_LOOP_ANALYSIS = YES;
				CLANG_WARN_STRICT_PROTOTYPES = YES;
				CLANG_WARN_SUSPICIOUS_MOVE = YES;
				CLANG_WARN_UNGUARDED_AVAILABILITY = YES_AGGRESSIVE;
				CLANG_WARN_UNREACHABLE_CODE = YES;
				CLANG_WARN__DUPLICATE_METHOD_MATCH = YES;
				COPY_PHASE_STRIP = NO;
				DEBUG_INFORMATION_FORMAT = "dwarf-with-dsym";
				ENABLE_NS_ASSERTIONS = NO;
				ENABLE_STRICT_OBJC_MSGSEND = YES;
				GCC_C_LANGUAGE_STANDARD = gnu11;
				GCC_NO_COMMON_BLOCKS = YES;
				GCC_WARN_64_TO_32_BIT_CONVERSION = YES;
				GCC_WARN_ABOUT_RETURN_TYPE = YES_ERROR;
				GCC_WARN_UNDECLARED_SELECTOR = YES;
				GCC_WARN_UNINITIALIZED_AUTOS = YES_AGGRESSIVE;
				GCC_WARN_UNUSED_FUNCTION = YES;
				GCC_WARN_UNUSED_VARIABLE = YES;
				MTL_ENABLE_DEBUG_INFO = NO;
				MTL_FAST_MATH = YES;
				SWIFT_COMPILATION_MODE = wholemodule;
				SWIFT_OPTIMIZATION_LEVEL = "-O";
			};
			name = Release;
		};
		F1F31A982A3AC81F009AC851 /* Debug */ = {
			isa = XCBuildConfiguration;
			buildSettings = {
				ASSETCATALOG_COMPILER_APPICON_NAME = AppIcon;
				ASSETCATALOG_COMPILER_GLOBAL_ACCENT_COLOR_NAME = AccentColor;
				CODE_SIGN_ENTITLEMENTS = "KWK APP/KWK_APP.entitlements";
				CODE_SIGN_STYLE = Automatic;
				CURRENT_PROJECT_VERSION = 1;
				DEVELOPMENT_ASSET_PATHS = "\"KWK APP/Preview Content\"";
				DEVELOPMENT_TEAM = TXH9C5ZMKB;
				ENABLE_HARDENED_RUNTIME = YES;
				ENABLE_PREVIEWS = YES;
				GENERATE_INFOPLIST_FILE = YES;
				"INFOPLIST_KEY_UIApplicationSceneManifest_Generation[sdk=iphoneos*]" = YES;
				"INFOPLIST_KEY_UIApplicationSceneManifest_Generation[sdk=iphonesimulator*]" = YES;
				"INFOPLIST_KEY_UIApplicationSupportsIndirectInputEvents[sdk=iphoneos*]" = YES;
				"INFOPLIST_KEY_UIApplicationSupportsIndirectInputEvents[sdk=iphonesimulator*]" = YES;
				"INFOPLIST_KEY_UILaunchScreen_Generation[sdk=iphoneos*]" = YES;
				"INFOPLIST_KEY_UILaunchScreen_Generation[sdk=iphonesimulator*]" = YES;
				"INFOPLIST_KEY_UIStatusBarStyle[sdk=iphoneos*]" = UIStatusBarStyleDefault;
				"INFOPLIST_KEY_UIStatusBarStyle[sdk=iphonesimulator*]" = UIStatusBarStyleDefault;
				INFOPLIST_KEY_UISupportedInterfaceOrientations_iPad = "UIInterfaceOrientationPortrait UIInterfaceOrientationPortraitUpsideDown UIInterfaceOrientationLandscapeLeft UIInterfaceOrientationLandscapeRight";
				INFOPLIST_KEY_UISupportedInterfaceOrientations_iPhone = "UIInterfaceOrientationPortrait UIInterfaceOrientationLandscapeLeft UIInterfaceOrientationLandscapeRight";
				IPHONEOS_DEPLOYMENT_TARGET = 16.4;
				LD_RUNPATH_SEARCH_PATHS = "@executable_path/Frameworks";
				"LD_RUNPATH_SEARCH_PATHS[sdk=macosx*]" = "@executable_path/../Frameworks";
				MACOSX_DEPLOYMENT_TARGET = 13.3;
				MARKETING_VERSION = 1.0;
				PRODUCT_BUNDLE_IDENTIFIER = "KWK.KWK-APP";
				PRODUCT_NAME = "$(TARGET_NAME)";
				SDKROOT = auto;
				SUPPORTED_PLATFORMS = "iphoneos iphonesimulator macosx";
				SWIFT_EMIT_LOC_STRINGS = YES;
				SWIFT_VERSION = 5.0;
				TARGETED_DEVICE_FAMILY = "1,2";
			};
			name = Debug;
		};
		F1F31A992A3AC81F009AC851 /* Release */ = {
			isa = XCBuildConfiguration;
			buildSettings = {
				ASSETCATALOG_COMPILER_APPICON_NAME = AppIcon;
				ASSETCATALOG_COMPILER_GLOBAL_ACCENT_COLOR_NAME = AccentColor;
				CODE_SIGN_ENTITLEMENTS = "KWK APP/KWK_APP.entitlements";
				CODE_SIGN_STYLE = Automatic;
				CURRENT_PROJECT_VERSION = 1;
				DEVELOPMENT_ASSET_PATHS = "\"KWK APP/Preview Content\"";
				DEVELOPMENT_TEAM = TXH9C5ZMKB;
				ENABLE_HARDENED_RUNTIME = YES;
				ENABLE_PREVIEWS = YES;
				GENERATE_INFOPLIST_FILE = YES;
				"INFOPLIST_KEY_UIApplicationSceneManifest_Generation[sdk=iphoneos*]" = YES;
				"INFOPLIST_KEY_UIApplicationSceneManifest_Generation[sdk=iphonesimulator*]" = YES;
				"INFOPLIST_KEY_UIApplicationSupportsIndirectInputEvents[sdk=iphoneos*]" = YES;
				"INFOPLIST_KEY_UIApplicationSupportsIndirectInputEvents[sdk=iphonesimulator*]" = YES;
				"INFOPLIST_KEY_UILaunchScreen_Generation[sdk=iphoneos*]" = YES;
				"INFOPLIST_KEY_UILaunchScreen_Generation[sdk=iphonesimulator*]" = YES;
				"INFOPLIST_KEY_UIStatusBarStyle[sdk=iphoneos*]" = UIStatusBarStyleDefault;
				"INFOPLIST_KEY_UIStatusBarStyle[sdk=iphonesimulator*]" = UIStatusBarStyleDefault;
				INFOPLIST_KEY_UISupportedInterfaceOrientations_iPad = "UIInterfaceOrientationPortrait UIInterfaceOrientationPortraitUpsideDown UIInterfaceOrientationLandscapeLeft UIInterfaceOrientationLandscapeRight";
				INFOPLIST_KEY_UISupportedInterfaceOrientations_iPhone = "UIInterfaceOrientationPortrait UIInterfaceOrientationLandscapeLeft UIInterfaceOrientationLandscapeRight";
				IPHONEOS_DEPLOYMENT_TARGET = 16.4;
				LD_RUNPATH_SEARCH_PATHS = "@executable_path/Frameworks";
				"LD_RUNPATH_SEARCH_PATHS[sdk=macosx*]" = "@executable_path/../Frameworks";
				MACOSX_DEPLOYMENT_TARGET = 13.3;
				MARKETING_VERSION = 1.0;
				PRODUCT_BUNDLE_IDENTIFIER = "KWK.KWK-APP";
				PRODUCT_NAME = "$(TARGET_NAME)";
				SDKROOT = auto;
				SUPPORTED_PLATFORMS = "iphoneos iphonesimulator macosx";
				SWIFT_EMIT_LOC_STRINGS = YES;
				SWIFT_VERSION = 5.0;
				TARGETED_DEVICE_FAMILY = "1,2";
			};
			name = Release;
		};
		F1F31A9B2A3AC81F009AC851 /* Debug */ = {
			isa = XCBuildConfiguration;
			buildSettings = {
				ALWAYS_EMBED_SWIFT_STANDARD_LIBRARIES = YES;
				BUNDLE_LOADER = "$(TEST_HOST)";
				CODE_SIGN_STYLE = Automatic;
				CURRENT_PROJECT_VERSION = 1;
				DEVELOPMENT_TEAM = TXH9C5ZMKB;
				GENERATE_INFOPLIST_FILE = YES;
				IPHONEOS_DEPLOYMENT_TARGET = 16.4;
				MACOSX_DEPLOYMENT_TARGET = 13.3;
				MARKETING_VERSION = 1.0;
				PRODUCT_BUNDLE_IDENTIFIER = "KWK.KWK-APPTests";
				PRODUCT_NAME = "$(TARGET_NAME)";
				SDKROOT = auto;
				SUPPORTED_PLATFORMS = "iphoneos iphonesimulator macosx";
				SWIFT_EMIT_LOC_STRINGS = NO;
				SWIFT_VERSION = 5.0;
				TARGETED_DEVICE_FAMILY = "1,2";
				TEST_HOST = "$(BUILT_PRODUCTS_DIR)/KWK APP.app/$(BUNDLE_EXECUTABLE_FOLDER_PATH)/KWK APP";
			};
			name = Debug;
		};
		F1F31A9C2A3AC81F009AC851 /* Release */ = {
			isa = XCBuildConfiguration;
			buildSettings = {
				ALWAYS_EMBED_SWIFT_STANDARD_LIBRARIES = YES;
				BUNDLE_LOADER = "$(TEST_HOST)";
				CODE_SIGN_STYLE = Automatic;
				CURRENT_PROJECT_VERSION = 1;
				DEVELOPMENT_TEAM = TXH9C5ZMKB;
				GENERATE_INFOPLIST_FILE = YES;
				IPHONEOS_DEPLOYMENT_TARGET = 16.4;
				MACOSX_DEPLOYMENT_TARGET = 13.3;
				MARKETING_VERSION = 1.0;
				PRODUCT_BUNDLE_IDENTIFIER = "KWK.KWK-APPTests";
				PRODUCT_NAME = "$(TARGET_NAME)";
				SDKROOT = auto;
				SUPPORTED_PLATFORMS = "iphoneos iphonesimulator macosx";
				SWIFT_EMIT_LOC_STRINGS = NO;
				SWIFT_VERSION = 5.0;
				TARGETED_DEVICE_FAMILY = "1,2";
				TEST_HOST = "$(BUILT_PRODUCTS_DIR)/KWK APP.app/$(BUNDLE_EXECUTABLE_FOLDER_PATH)/KWK APP";
			};
			name = Release;
		};
		F1F31A9E2A3AC81F009AC851 /* Debug */ = {
			isa = XCBuildConfiguration;
			buildSettings = {
				ALWAYS_EMBED_SWIFT_STANDARD_LIBRARIES = YES;
				CODE_SIGN_STYLE = Automatic;
				CURRENT_PROJECT_VERSION = 1;
				DEVELOPMENT_TEAM = TXH9C5ZMKB;
				GENERATE_INFOPLIST_FILE = YES;
				IPHONEOS_DEPLOYMENT_TARGET = 16.4;
				MACOSX_DEPLOYMENT_TARGET = 13.3;
				MARKETING_VERSION = 1.0;
				PRODUCT_BUNDLE_IDENTIFIER = "KWK.KWK-APPUITests";
				PRODUCT_NAME = "$(TARGET_NAME)";
				SDKROOT = auto;
				SUPPORTED_PLATFORMS = "iphoneos iphonesimulator macosx";
				SWIFT_EMIT_LOC_STRINGS = NO;
				SWIFT_VERSION = 5.0;
				TARGETED_DEVICE_FAMILY = "1,2";
				TEST_TARGET_NAME = "KWK APP";
			};
			name = Debug;
		};
		F1F31A9F2A3AC81F009AC851 /* Release */ = {
			isa = XCBuildConfiguration;
			buildSettings = {
				ALWAYS_EMBED_SWIFT_STANDARD_LIBRARIES = YES;
				CODE_SIGN_STYLE = Automatic;
				CURRENT_PROJECT_VERSION = 1;
				DEVELOPMENT_TEAM = TXH9C5ZMKB;
				GENERATE_INFOPLIST_FILE = YES;
				IPHONEOS_DEPLOYMENT_TARGET = 16.4;
				MACOSX_DEPLOYMENT_TARGET = 13.3;
				MARKETING_VERSION = 1.0;
				PRODUCT_BUNDLE_IDENTIFIER = "KWK.KWK-APPUITests";
				PRODUCT_NAME = "$(TARGET_NAME)";
				SDKROOT = auto;
				SUPPORTED_PLATFORMS = "iphoneos iphonesimulator macosx";
				SWIFT_EMIT_LOC_STRINGS = NO;
				SWIFT_VERSION = 5.0;
				TARGETED_DEVICE_FAMILY = "1,2";
				TEST_TARGET_NAME = "KWK APP";
			};
			name = Release;
		};
/* End XCBuildConfiguration section */

/* Begin XCConfigurationList section */
		F1F31A6D2A3AC81E009AC851 /* Build configuration list for PBXProject "KWK APP" */ = {
			isa = XCConfigurationList;
			buildConfigurations = (
				F1F31A952A3AC81F009AC851 /* Debug */,
				F1F31A962A3AC81F009AC851 /* Release */,
			);
			defaultConfigurationIsVisible = 0;
			defaultConfigurationName = Release;
		};
		F1F31A972A3AC81F009AC851 /* Build configuration list for PBXNativeTarget "KWK APP" */ = {
			isa = XCConfigurationList;
			buildConfigurations = (
				F1F31A982A3AC81F009AC851 /* Debug */,
				F1F31A992A3AC81F009AC851 /* Release */,
			);
			defaultConfigurationIsVisible = 0;
			defaultConfigurationName = Release;
		};
		F1F31A9A2A3AC81F009AC851 /* Build configuration list for PBXNativeTarget "KWK APPTests" */ = {
			isa = XCConfigurationList;
			buildConfigurations = (
				F1F31A9B2A3AC81F009AC851 /* Debug */,
				F1F31A9C2A3AC81F009AC851 /* Release */,
			);
			defaultConfigurationIsVisible = 0;
			defaultConfigurationName = Release;
		};
		F1F31A9D2A3AC81F009AC851 /* Build configuration list for PBXNativeTarget "KWK APPUITests" */ = {
			isa = XCConfigurationList;
			buildConfigurations = (
				F1F31A9E2A3AC81F009AC851 /* Debug */,
				F1F31A9F2A3AC81F009AC851 /* Release */,
			);
			defaultConfigurationIsVisible = 0;
			defaultConfigurationName = Release;
		};
/* End XCConfigurationList section */
	};
	rootObject = F1F31A6A2A3AC81E009AC851 /* Project object */;
}
